
Microsoft Visual Studio Solution File, Format Version 12.00
# Visual Studio Version 16
VisualStudioVersion = 16.0.29519.181
MinimumVisualStudioVersion = 10.0.40219.1
Project("{FAE04EC0-301F-11D3-BF4B-00C04F79EFBC}") = "Lexun.Template.Api", "Lexun.Template.Api\Lexun.Template.Api.csproj", "{C07BB72C-0441-49EC-9939-AC95DC28AC70}"
EndProject
Project("{FAE04EC0-301F-11D3-BF4B-00C04F79EFBC}") = "Lexun.Template.Data", "Lexun.Template.Data\Lexun.Template.Data.csproj", "{798E04E7-1A81-4CD0-877C-BC67E5CFF710}"
EndProject
Global
	GlobalSection(SolutionConfigurationPlatforms) = preSolution
		Debug|Any CPU = Debug|Any CPU
		Release|Any CPU = Release|Any CPU
	EndGlobalSection
	GlobalSection(ProjectConfigurationPlatforms) = postSolution
		{C07BB72C-0441-49EC-9939-AC95DC28AC70}.Debug|Any CPU.ActiveCfg = Debug|Any CPU
		{C07BB72C-0441-49EC-9939-AC95DC28AC70}.Debug|Any CPU.Build.0 = Debug|Any CPU
		{C07BB72C-0441-49EC-9939-AC95DC28AC70}.Release|Any CPU.ActiveCfg = Release|Any CPU
		{C07BB72C-0441-49EC-9939-AC95DC28AC70}.Release|Any CPU.Build.0 = Release|Any CPU
		{798E04E7-1A81-4CD0-877C-BC67E5CFF710}.Debug|Any CPU.ActiveCfg = Debug|Any CPU
		{798E04E7-1A81-4CD0-877C-BC67E5CFF710}.Debug|Any CPU.Build.0 = Debug|Any CPU
		{798E04E7-1A81-4CD0-877C-BC67E5CFF710}.Release|Any CPU.ActiveCfg = Release|Any CPU
		{798E04E7-1A81-4CD0-877C-BC67E5CFF710}.Release|Any CPU.Build.0 = Release|Any CPU
	EndGlobalSection
	GlobalSection(SolutionProperties) = preSolution
		HideSolutionNode = FALSE
	EndGlobalSection
	GlobalSection(ExtensibilityGlobals) = postSolution
		SolutionGuid = {23B97E71-B58A-4271-AD8B-FFBA9F61DC6E}
	EndGlobalSection
EndGlobal
